{
    "name": "Sees2",
    "lockfileVersion": 3,
    "requires": true,
    "packages": {
        "": {
            "dependencies": {
                "@stackoverflow/stacks-editor": "^0.9.1"
            },
            "devDependencies": {
                "axios": "^1.1.2",
                "laravel-vite-plugin": "^0.8.0",
                "vite": "^4.0.0"
            }
        },
        "node_modules/@esbuild/win32-x64": {
            "version": "0.18.20",
            "cpu": [
                "x64"
            ],
            "dev": true,
            "license": "MIT",
            "optional": true,
            "os": [
                "win32"
            ],
            "engines": {
                "node": ">=12"
            }
        },
        "node_modules/@hotwired/stimulus": {
            "version": "3.2.2",
            "resolved": "https://registry.npmjs.org/@hotwired/stimulus/-/stimulus-3.2.2.tgz",
            "integrity": "sha512-eGeIqNOQpXoPAIP7tC1+1Yc1yl1xnwYqg+3mzqxyrbE5pg5YFBZcA6YoTiByJB6DKAEsiWtl6tjTJS4IYtbB7A=="
        },
        "node_modules/@lezer/common": {
            "version": "1.1.1",
            "resolved": "https://registry.npmjs.org/@lezer/common/-/common-1.1.1.tgz",
            "integrity": "sha512-aAPB9YbvZHqAW+bIwiuuTDGB4DG0sYNRObGLxud8cW7osw1ZQxfDuTZ8KQiqfZ0QJGcR34CvpTMDXEyo/+Htgg=="
        },
        "node_modules/@lezer/highlight": {
            "version": "1.2.0",
            "resolved": "https://registry.npmjs.org/@lezer/highlight/-/highlight-1.2.0.tgz",
            "integrity": "sha512-WrS5Mw51sGrpqjlh3d4/fOwpEV2Hd3YOkp9DBt4k8XZQcoTHZFB7sx030A6OcahF4J1nDQAa3jXlTVVYH50IFA==",
            "dependencies": {
                "@lezer/common": "^1.0.0"
            }
        },
        "node_modules/@lezer/markdown": {
            "version": "1.1.1",
            "resolved": "https://registry.npmjs.org/@lezer/markdown/-/markdown-1.1.1.tgz",
            "integrity": "sha512-kmxvLnXCogUx2mexslWwVME1W2GQP76pwUODcFXLsuubuK41TcEJhKRm2FTKugNfEkUIspJNq9+jNo6b7dxVLA==",
            "dependencies": {
                "@lezer/common": "^1.0.0",
                "@lezer/highlight": "^1.0.0"
            }
        },
        "node_modules/@popperjs/core": {
            "version": "2.11.8",
            "resolved": "https://registry.npmjs.org/@popperjs/core/-/core-2.11.8.tgz",
            "integrity": "sha512-P1st0aksCrn9sGZhp8GMYwBnQsbvAWsZAX44oXNNvLHGqAOcoVxmjZiohstwQ7SqKnbR47akdNi+uleWD8+g6A==",
            "funding": {
                "type": "opencollective",
                "url": "https://opencollective.com/popperjs"
            }
        },
        "node_modules/@stackoverflow/stacks": {
            "version": "2.0.7",
            "resolved": "https://registry.npmjs.org/@stackoverflow/stacks/-/stacks-2.0.7.tgz",
            "integrity": "sha512-q9YSJ5K8ZjemjXCmJYl1BLt6OmrImGDlkH1BX36NBA7dJX1JVIIwqREh6L6FqwbljZgpJHYgAXxkw6Te5cDgeA==",
            "dependencies": {
                "@hotwired/stimulus": "^3.2.2",
                "@popperjs/core": "^2.11.8"
            }
        },
        "node_modules/@stackoverflow/stacks-editor": {
            "version": "0.9.1",
            "resolved": "https://registry.npmjs.org/@stackoverflow/stacks-editor/-/stacks-editor-0.9.1.tgz",
            "integrity": "sha512-WCtAiHnGLLdEC6PBBQHOfstvB5Vn03HL8vNllI2rl7x5XfVmeFBocM2MovR23hfupELPb08eorQ5HY1uFJ7zaw==",
            "dependencies": {
                "@lezer/highlight": "^1.1.3",
                "@lezer/markdown": "^1.0.2",
                "@stackoverflow/stacks": "^2.0.0",
                "@stackoverflow/stacks-icons": "^6.0.0",
                "@types/markdown-it": "12.2.3",
                "markdown-it": "^13.0.1",
                "orderedmap": "^2.1.0",
                "prosemirror-commands": "^1.5.0",
                "prosemirror-highlightjs": "^0.9.1",
                "prosemirror-history": "^1.3.0",
                "prosemirror-inputrules": "^1.2.0",
                "prosemirror-keymap": "^1.2.1",
                "prosemirror-lezer": "^0.0.5",
                "prosemirror-markdown": "^1.10.1",
                "prosemirror-model": "^1.19.0",
                "prosemirror-schema-basic": "^1.2.1",
                "prosemirror-schema-list": "^1.2.2",
                "prosemirror-state": "^1.4.2",
                "prosemirror-transform": "^1.7.1",
                "prosemirror-view": "^1.30.1"
            },
            "peerDependencies": {
                "highlight.js": "^11.6.0"
            }
        },
        "node_modules/@stackoverflow/stacks-icons": {
            "version": "6.0.0",
            "resolved": "https://registry.npmjs.org/@stackoverflow/stacks-icons/-/stacks-icons-6.0.0.tgz",
            "integrity": "sha512-y/WRgMgE/I262A7vZdNgWWEMYMzECrJrzLObR4WKodFerQ577htm2XLQvgCKMhq6rhNhOFEi7VZOZVsd9IiCZA=="
        },
        "node_modules/@types/linkify-it": {
            "version": "3.0.5",
            "resolved": "https://registry.npmjs.org/@types/linkify-it/-/linkify-it-3.0.5.tgz",
            "integrity": "sha512-yg6E+u0/+Zjva+buc3EIb+29XEg4wltq7cSmd4Uc2EE/1nUVmxyzpX6gUXD0V8jIrG0r7YeOGVIbYRkxeooCtw=="
        },
        "node_modules/@types/markdown-it": {
            "version": "12.2.3",
            "resolved": "https://registry.npmjs.org/@types/markdown-it/-/markdown-it-12.2.3.tgz",
            "integrity": "sha512-GKMHFfv3458yYy+v/N8gjufHO6MSZKCOXpZc5GXIWWy8uldwfmPn98vp81gZ5f9SVw8YYBctgfJ22a2d7AOMeQ==",
            "dependencies": {
                "@types/linkify-it": "*",
                "@types/mdurl": "*"
            }
        },
        "node_modules/@types/mdurl": {
            "version": "1.0.5",
            "resolved": "https://registry.npmjs.org/@types/mdurl/-/mdurl-1.0.5.tgz",
            "integrity": "sha512-6L6VymKTzYSrEf4Nev4Xa1LCHKrlTlYCBMTlQKFuddo1CvQcE52I0mwfOJayueUC7MJuXOeHTcIU683lzd0cUA=="
        },
        "node_modules/argparse": {
            "version": "2.0.1",
            "resolved": "https://registry.npmjs.org/argparse/-/argparse-2.0.1.tgz",
            "integrity": "sha512-8+9WqebbFzpX9OR+Wa6O29asIogeRMzcGtAINdpMHHyAg10f05aSFVBbcEqGf/PXw1EjAZ+q2/bEBg3DvurK3Q=="
        },
        "node_modules/asynckit": {
            "version": "0.4.0",
            "dev": true,
            "license": "MIT"
        },
        "node_modules/axios": {
            "version": "1.6.2",
            "dev": true,
            "license": "MIT",
            "dependencies": {
                "follow-redirects": "^1.15.0",
                "form-data": "^4.0.0",
                "proxy-from-env": "^1.1.0"
            }
        },
        "node_modules/combined-stream": {
            "version": "1.0.8",
            "dev": true,
            "license": "MIT",
            "dependencies": {
                "delayed-stream": "~1.0.0"
            },
            "engines": {
                "node": ">= 0.8"
            }
        },
        "node_modules/delayed-stream": {
            "version": "1.0.0",
            "dev": true,
            "license": "MIT",
            "engines": {
                "node": ">=0.4.0"
            }
        },
        "node_modules/entities": {
            "version": "3.0.1",
            "resolved": "https://registry.npmjs.org/entities/-/entities-3.0.1.tgz",
            "integrity": "sha512-WiyBqoomrwMdFG1e0kqvASYfnlb0lp8M5o5Fw2OFq1hNZxxcNk8Ik0Xm7LxzBhuidnZB/UtBqVCgUz3kBOP51Q==",
            "engines": {
                "node": ">=0.12"
            },
            "funding": {
                "url": "https://github.com/fb55/entities?sponsor=1"
            }
        },
        "node_modules/esbuild": {
            "version": "0.18.20",
            "dev": true,
            "hasInstallScript": true,
            "license": "MIT",
            "bin": {
                "esbuild": "bin/esbuild"
            },
            "engines": {
                "node": ">=12"
            },
            "optionalDependencies": {
                "@esbuild/android-arm": "0.18.20",
                "@esbuild/android-arm64": "0.18.20",
                "@esbuild/android-x64": "0.18.20",
                "@esbuild/darwin-arm64": "0.18.20",
                "@esbuild/darwin-x64": "0.18.20",
                "@esbuild/freebsd-arm64": "0.18.20",
                "@esbuild/freebsd-x64": "0.18.20",
                "@esbuild/linux-arm": "0.18.20",
                "@esbuild/linux-arm64": "0.18.20",
                "@esbuild/linux-ia32": "0.18.20",
                "@esbuild/linux-loong64": "0.18.20",
                "@esbuild/linux-mips64el": "0.18.20",
                "@esbuild/linux-ppc64": "0.18.20",
                "@esbuild/linux-riscv64": "0.18.20",
                "@esbuild/linux-s390x": "0.18.20",
                "@esbuild/linux-x64": "0.18.20",
                "@esbuild/netbsd-x64": "0.18.20",
                "@esbuild/openbsd-x64": "0.18.20",
                "@esbuild/sunos-x64": "0.18.20",
                "@esbuild/win32-arm64": "0.18.20",
                "@esbuild/win32-ia32": "0.18.20",
                "@esbuild/win32-x64": "0.18.20"
            }
        },
        "node_modules/follow-redirects": {
            "version": "1.15.3",
            "dev": true,
            "funding": [
                {
                    "type": "individual",
                    "url": "https://github.com/sponsors/RubenVerborgh"
                }
            ],
            "license": "MIT",
            "engines": {
                "node": ">=4.0"
            },
            "peerDependenciesMeta": {
                "debug": {
                    "optional": true
                }
            }
        },
        "node_modules/form-data": {
            "version": "4.0.0",
            "dev": true,
            "license": "MIT",
            "dependencies": {
                "asynckit": "^0.4.0",
                "combined-stream": "^1.0.8",
                "mime-types": "^2.1.12"
            },
            "engines": {
                "node": ">= 6"
            }
        },
        "node_modules/highlight.js": {
            "version": "11.9.0",
            "resolved": "https://registry.npmjs.org/highlight.js/-/highlight.js-11.9.0.tgz",
            "integrity": "sha512-fJ7cW7fQGCYAkgv4CPfwFHrfd/cLS4Hau96JuJ+ZTOWhjnhoeN1ub1tFmALm/+lW5z4WCAuAV9bm05AP0mS6Gw==",
            "peer": true,
            "engines": {
                "node": ">=12.0.0"
            }
        },
        "node_modules/laravel-vite-plugin": {
            "version": "0.8.1",
            "dev": true,
            "license": "MIT",
            "dependencies": {
                "picocolors": "^1.0.0",
                "vite-plugin-full-reload": "^1.0.5"
            },
            "engines": {
                "node": ">=14"
            },
            "peerDependencies": {
                "vite": "^3.0.0 || ^4.0.0"
            }
        },
        "node_modules/linkify-it": {
            "version": "4.0.1",
            "resolved": "https://registry.npmjs.org/linkify-it/-/linkify-it-4.0.1.tgz",
            "integrity": "sha512-C7bfi1UZmoj8+PQx22XyeXCuBlokoyWQL5pWSP+EI6nzRylyThouddufc2c1NDIcP9k5agmN9fLpA7VNJfIiqw==",
            "dependencies": {
                "uc.micro": "^1.0.1"
            }
        },
        "node_modules/markdown-it": {
            "version": "13.0.2",
            "resolved": "https://registry.npmjs.org/markdown-it/-/markdown-it-13.0.2.tgz",
            "integrity": "sha512-FtwnEuuK+2yVU7goGn/MJ0WBZMM9ZPgU9spqlFs7/A/pDIUNSOQZhUgOqYCficIuR2QaFnrt8LHqBWsbTAoI5w==",
            "dependencies": {
                "argparse": "^2.0.1",
                "entities": "~3.0.1",
                "linkify-it": "^4.0.1",
                "mdurl": "^1.0.1",
                "uc.micro": "^1.0.5"
            },
            "bin": {
                "markdown-it": "bin/markdown-it.js"
            }
        },
        "node_modules/mdurl": {
            "version": "1.0.1",
            "resolved": "https://registry.npmjs.org/mdurl/-/mdurl-1.0.1.tgz",
            "integrity": "sha512-/sKlQJCBYVY9Ers9hqzKou4H6V5UWc/M59TH2dvkt+84itfnq7uFOMLpOiOS4ujvHP4etln18fmIxA5R5fll0g=="
        },
        "node_modules/mime-db": {
            "version": "1.52.0",
            "dev": true,
            "license": "MIT",
            "engines": {
                "node": ">= 0.6"
            }
        },
        "node_modules/mime-types": {
            "version": "2.1.35",
            "dev": true,
            "license": "MIT",
            "dependencies": {
                "mime-db": "1.52.0"
            },
            "engines": {
                "node": ">= 0.6"
            }
        },
        "node_modules/nanoid": {
            "version": "3.3.7",
            "dev": true,
            "funding": [
                {
                    "type": "github",
                    "url": "https://github.com/sponsors/ai"
                }
            ],
            "license": "MIT",
            "bin": {
                "nanoid": "bin/nanoid.cjs"
            },
            "engines": {
                "node": "^10 || ^12 || ^13.7 || ^14 || >=15.0.1"
            }
        },
        "node_modules/orderedmap": {
            "version": "2.1.1",
            "resolved": "https://registry.npmjs.org/orderedmap/-/orderedmap-2.1.1.tgz",
            "integrity": "sha512-TvAWxi0nDe1j/rtMcWcIj94+Ffe6n7zhow33h40SKxmsmozs6dz/e+EajymfoFcHd7sxNn8yHM8839uixMOV6g=="
        },
        "node_modules/picocolors": {
            "version": "1.0.0",
            "dev": true,
            "license": "ISC"
        },
        "node_modules/picomatch": {
            "version": "2.3.1",
            "dev": true,
            "license": "MIT",
            "engines": {
                "node": ">=8.6"
            },
            "funding": {
                "url": "https://github.com/sponsors/jonschlinkert"
            }
        },
        "node_modules/postcss": {
            "version": "8.4.31",
            "dev": true,
            "funding": [
                {
                    "type": "opencollective",
                    "url": "https://opencollective.com/postcss/"
                },
                {
                    "type": "tidelift",
                    "url": "https://tidelift.com/funding/github/npm/postcss"
                },
                {
                    "type": "github",
                    "url": "https://github.com/sponsors/ai"
                }
            ],
            "license": "MIT",
            "dependencies": {
                "nanoid": "^3.3.6",
                "picocolors": "^1.0.0",
                "source-map-js": "^1.0.2"
            },
            "engines": {
                "node": "^10 || ^12 || >=14"
            }
        },
        "node_modules/prosemirror-commands": {
            "version": "1.5.2",
            "resolved": "https://registry.npmjs.org/prosemirror-commands/-/prosemirror-commands-1.5.2.tgz",
            "integrity": "sha512-hgLcPaakxH8tu6YvVAaILV2tXYsW3rAdDR8WNkeKGcgeMVQg3/TMhPdVoh7iAmfgVjZGtcOSjKiQaoeKjzd2mQ==",
            "dependencies": {
                "prosemirror-model": "^1.0.0",
                "prosemirror-state": "^1.0.0",
                "prosemirror-transform": "^1.0.0"
            }
        },
        "node_modules/prosemirror-highlightjs": {
            "version": "0.9.1",
            "resolved": "https://registry.npmjs.org/prosemirror-highlightjs/-/prosemirror-highlightjs-0.9.1.tgz",
            "integrity": "sha512-aqcXUCM4Dbc+0DoORrmF4MWrdIJuaJKUpZvzi1xy0HEx06J5vTlnwR25xCUIbxD3ilOtkabB36QqY3WQ03OuzQ==",
            "peerDependencies": {
                "highlight.js": "^11.6.0",
                "prosemirror-model": "^1.18.1",
                "prosemirror-state": "^1.4.1",
                "prosemirror-view": "^1.26.5"
            }
        },
        "node_modules/prosemirror-history": {
            "version": "1.3.2",
            "resolved": "https://registry.npmjs.org/prosemirror-history/-/prosemirror-history-1.3.2.tgz",
            "integrity": "sha512-/zm0XoU/N/+u7i5zepjmZAEnpvjDtzoPWW6VmKptcAnPadN/SStsBjMImdCEbb3seiNTpveziPTIrXQbHLtU1g==",
            "dependencies": {
                "prosemirror-state": "^1.2.2",
                "prosemirror-transform": "^1.0.0",
                "prosemirror-view": "^1.31.0",
                "rope-sequence": "^1.3.0"
            }
        },
        "node_modules/prosemirror-inputrules": {
            "version": "1.3.0",
            "resolved": "https://registry.npmjs.org/prosemirror-inputrules/-/prosemirror-inputrules-1.3.0.tgz",
            "integrity": "sha512-z1GRP2vhh5CihYMQYsJSa1cOwXb3SYxALXOIfAkX8nZserARtl9LiL+CEl+T+OFIsXc3mJIHKhbsmRzC0HDAXA==",
            "dependencies": {
                "prosemirror-state": "^1.0.0",
                "prosemirror-transform": "^1.0.0"
            }
        },
        "node_modules/prosemirror-keymap": {
            "version": "1.2.2",
            "resolved": "https://registry.npmjs.org/prosemirror-keymap/-/prosemirror-keymap-1.2.2.tgz",
            "integrity": "sha512-EAlXoksqC6Vbocqc0GtzCruZEzYgrn+iiGnNjsJsH4mrnIGex4qbLdWWNza3AW5W36ZRrlBID0eM6bdKH4OStQ==",
            "dependencies": {
                "prosemirror-state": "^1.0.0",
                "w3c-keyname": "^2.2.0"
            }
        },
        "node_modules/prosemirror-lezer": {
            "version": "0.0.5",
            "resolved": "https://registry.npmjs.org/prosemirror-lezer/-/prosemirror-lezer-0.0.5.tgz",
            "integrity": "sha512-a+uJ0Pz4lcuj8BLAwXi+jof8ZkKcbaOwkRG8nHC7NBPFO/v7WW/Gz+aaMTFNYTP5T1/r7C/nLvBHJirtk/KiYw==",
            "peerDependencies": {
                "@lezer/common": "^1.0.0",
                "@lezer/highlight": "^1.0.0",
                "prosemirror-model": "^1.18.1",
                "prosemirror-state": "^1.4.1",
                "prosemirror-view": "^1.26.5"
            }
        },
        "node_modules/prosemirror-markdown": {
            "version": "1.11.2",
            "resolved": "https://registry.npmjs.org/prosemirror-markdown/-/prosemirror-markdown-1.11.2.tgz",
            "integrity": "sha512-Eu5g4WPiCdqDTGhdSsG9N6ZjACQRYrsAkrF9KYfdMaCmjIApH75aVncsWYOJvEk2i1B3i8jZppv3J/tnuHGiUQ==",
            "dependencies": {
                "markdown-it": "^13.0.1",
                "prosemirror-model": "^1.0.0"
            }
        },
        "node_modules/prosemirror-model": {
            "version": "1.19.3",
            "resolved": "https://registry.npmjs.org/prosemirror-model/-/prosemirror-model-1.19.3.tgz",
            "integrity": "sha512-tgSnwN7BS7/UM0sSARcW+IQryx2vODKX4MI7xpqY2X+iaepJdKBPc7I4aACIsDV/LTaTjt12Z56MhDr9LsyuZQ==",
            "dependencies": {
                "orderedmap": "^2.0.0"
            }
        },
        "node_modules/prosemirror-schema-basic": {
            "version": "1.2.2",
            "resolved": "https://registry.npmjs.org/prosemirror-schema-basic/-/prosemirror-schema-basic-1.2.2.tgz",
            "integrity": "sha512-/dT4JFEGyO7QnNTe9UaKUhjDXbTNkiWTq/N4VpKaF79bBjSExVV2NXmJpcM7z/gD7mbqNjxbmWW5nf1iNSSGnw==",
            "dependencies": {
                "prosemirror-model": "^1.19.0"
            }
        },
        "node_modules/prosemirror-schema-list": {
            "version": "1.3.0",
            "resolved": "https://registry.npmjs.org/prosemirror-schema-list/-/prosemirror-schema-list-1.3.0.tgz",
            "integrity": "sha512-Hz/7gM4skaaYfRPNgr421CU4GSwotmEwBVvJh5ltGiffUJwm7C8GfN/Bc6DR1EKEp5pDKhODmdXXyi9uIsZl5A==",
            "dependencies": {
                "prosemirror-model": "^1.0.0",
                "prosemirror-state": "^1.0.0",
                "prosemirror-transform": "^1.7.3"
            }
        },
        "node_modules/prosemirror-state": {
            "version": "1.4.3",
            "resolved": "https://registry.npmjs.org/prosemirror-state/-/prosemirror-state-1.4.3.tgz",
            "integrity": "sha512-goFKORVbvPuAQaXhpbemJFRKJ2aixr+AZMGiquiqKxaucC6hlpHNZHWgz5R7dS4roHiwq9vDctE//CZ++o0W1Q==",
            "dependencies": {
                "prosemirror-model": "^1.0.0",
                "prosemirror-transform": "^1.0.0",
                "prosemirror-view": "^1.27.0"
            }
        },
        "node_modules/prosemirror-transform": {
            "version": "1.8.0",
            "resolved": "https://registry.npmjs.org/prosemirror-transform/-/prosemirror-transform-1.8.0.tgz",
            "integrity": "sha512-BaSBsIMv52F1BVVMvOmp1yzD3u65uC3HTzCBQV1WDPqJRQ2LuHKcyfn0jwqodo8sR9vVzMzZyI+Dal5W9E6a9A==",
            "dependencies": {
                "prosemirror-model": "^1.0.0"
            }
        },
        "node_modules/prosemirror-view": {
            "version": "1.32.4",
            "resolved": "https://registry.npmjs.org/prosemirror-view/-/prosemirror-view-1.32.4.tgz",
            "integrity": "sha512-WoT+ZYePp0WQvp5coABAysheZg9WttW3TSEUNgsfDQXmVOJlnjkbFbXicKPvWFLiC0ZjKt1ykbyoVKqhVnCiSQ==",
            "dependencies": {
                "prosemirror-model": "^1.16.0",
                "prosemirror-state": "^1.0.0",
                "prosemirror-transform": "^1.1.0"
            }
        },
        "node_modules/proxy-from-env": {
            "version": "1.1.0",
            "dev": true,
            "license": "MIT"
        },
        "node_modules/rollup": {
            "version": "3.29.4",
            "dev": true,
            "license": "MIT",
            "bin": {
                "rollup": "dist/bin/rollup"
            },
            "engines": {
                "node": ">=14.18.0",
                "npm": ">=8.0.0"
            },
            "optionalDependencies": {
                "fsevents": "~2.3.2"
            }
        },
        "node_modules/rope-sequence": {
            "version": "1.3.4",
            "resolved": "https://registry.npmjs.org/rope-sequence/-/rope-sequence-1.3.4.tgz",
            "integrity": "sha512-UT5EDe2cu2E/6O4igUr5PSFs23nvvukicWHx6GnOPlHAiiYbzNuCRQCuiUdHJQcqKalLKlrYJnjY0ySGsXNQXQ=="
        },
        "node_modules/source-map-js": {
            "version": "1.0.2",
            "dev": true,
            "license": "BSD-3-Clause",
            "engines": {
                "node": ">=0.10.0"
            }
        },
        "node_modules/uc.micro": {
            "version": "1.0.6",
            "resolved": "https://registry.npmjs.org/uc.micro/-/uc.micro-1.0.6.tgz",
            "integrity": "sha512-8Y75pvTYkLJW2hWQHXxoqRgV7qb9B+9vFEtidML+7koHUFapnVJAZ6cKs+Qjz5Aw3aZWHMC6u0wJE3At+nSGwA=="
        },
        "node_modules/vite": {
            "version": "4.5.0",
            "dev": true,
            "license": "MIT",
            "dependencies": {
                "esbuild": "^0.18.10",
                "postcss": "^8.4.27",
                "rollup": "^3.27.1"
            },
            "bin": {
                "vite": "bin/vite.js"
            },
            "engines": {
                "node": "^14.18.0 || >=16.0.0"
            },
            "funding": {
                "url": "https://github.com/vitejs/vite?sponsor=1"
            },
            "optionalDependencies": {
                "fsevents": "~2.3.2"
            },
            "peerDependencies": {
                "@types/node": ">= 14",
                "less": "*",
                "lightningcss": "^1.21.0",
                "sass": "*",
                "stylus": "*",
                "sugarss": "*",
                "terser": "^5.4.0"
            },
            "peerDependenciesMeta": {
                "@types/node": {
                    "optional": true
                },
                "less": {
                    "optional": true
                },
                "lightningcss": {
                    "optional": true
                },
                "sass": {
                    "optional": true
                },
                "stylus": {
                    "optional": true
                },
                "sugarss": {
                    "optional": true
                },
                "terser": {
                    "optional": true
                }
            }
        },
        "node_modules/vite-plugin-full-reload": {
            "version": "1.1.0",
            "dev": true,
            "license": "MIT",
            "dependencies": {
                "picocolors": "^1.0.0",
                "picomatch": "^2.3.1"
            }
        },
        "node_modules/w3c-keyname": {
            "version": "2.2.8",
            "resolved": "https://registry.npmjs.org/w3c-keyname/-/w3c-keyname-2.2.8.tgz",
            "integrity": "sha512-dpojBhNsCNN7T82Tm7k26A6G9ML3NkhDsnw9n/eoxSRlVBB4CEtIQ/KTCLI2Fwf3ataSXRhYFkQi3SlnFwPvPQ=="
        }
    }
}
